
Microsoft Visual Studio Solution File, Format Version 10.00
# Visual Studio 2008
Project("{8BC9CEB8-8B4A-11D0-8D11-00A0C91BC942}") = "LIDARParser", "LIDARParser.vcproj", "{D621D5E3-2E9C-4AAE-BE22-2F11119F8B84}"
EndProject
Project("{8BC9CEB8-8B4A-11D0-8D11-00A0C91BC942}") = "LIDARParser_UnitTest", "..\LIDARParser_UnitTest\LIDARParser_UnitTest.vcproj", "{2C7445EA-8CD0-42BB-B049-A8E315D7AB0C}"
	ProjectSection(ProjectDependencies) = postProject
		{D621D5E3-2E9C-4AAE-BE22-2F11119F8B84} = {D621D5E3-2E9C-4AAE-BE22-2F11119F8B84}
	EndProjectSection
EndProject
Global
	GlobalSection(SolutionConfigurationPlatforms) = preSolution
		Debug|Win32 = Debug|Win32
		Debug|x64 = Debug|x64
		Release|Win32 = Release|Win32
		Release|x64 = Release|x64
	EndGlobalSection
	GlobalSection(ProjectConfigurationPlatforms) = postSolution
		{D621D5E3-2E9C-4AAE-BE22-2F11119F8B84}.Debug|Win32.ActiveCfg = Debug|Win32
		{D621D5E3-2E9C-4AAE-BE22-2F11119F8B84}.Debug|Win32.Build.0 = Debug|Win32
		{D621D5E3-2E9C-4AAE-BE22-2F11119F8B84}.Debug|x64.ActiveCfg = Debug|x64
		{D621D5E3-2E9C-4AAE-BE22-2F11119F8B84}.Debug|x64.Build.0 = Debug|x64
		{D621D5E3-2E9C-4AAE-BE22-2F11119F8B84}.Release|Win32.ActiveCfg = Release|Win32
		{D621D5E3-2E9C-4AAE-BE22-2F11119F8B84}.Release|Win32.Build.0 = Release|Win32
		{D621D5E3-2E9C-4AAE-BE22-2F11119F8B84}.Release|x64.ActiveCfg = Release|x64
		{D621D5E3-2E9C-4AAE-BE22-2F11119F8B84}.Release|x64.Build.0 = Release|x64
		{2C7445EA-8CD0-42BB-B049-A8E315D7AB0C}.Debug|Win32.ActiveCfg = Debug|Win32
		{2C7445EA-8CD0-42BB-B049-A8E315D7AB0C}.Debug|Win32.Build.0 = Debug|Win32
		{2C7445EA-8CD0-42BB-B049-A8E315D7AB0C}.Debug|x64.ActiveCfg = Debug|x64
		{2C7445EA-8CD0-42BB-B049-A8E315D7AB0C}.Debug|x64.Build.0 = Debug|x64
		{2C7445EA-8CD0-42BB-B049-A8E315D7AB0C}.Release|Win32.ActiveCfg = Release|Win32
		{2C7445EA-8CD0-42BB-B049-A8E315D7AB0C}.Release|Win32.Build.0 = Release|Win32
		{2C7445EA-8CD0-42BB-B049-A8E315D7AB0C}.Release|x64.ActiveCfg = Release|x64
		{2C7445EA-8CD0-42BB-B049-A8E315D7AB0C}.Release|x64.Build.0 = Release|x64
	EndGlobalSection
	GlobalSection(SolutionProperties) = preSolution
		HideSolutionNode = FALSE
	EndGlobalSection
EndGlobal
